// !$*UTF8*$!
{
	archiveVersion = 1;
	classes = {
	};
	objectVersion = 50;
	objects = {

/* Begin PBXBuildFile section */
		E3503523242A2609000650C3 /* sphere.cpp in Sources */ = {isa = PBXBuildFile; fileRef = E3503521242A2609000650C3 /* sphere.cpp */; };
		E3503526242A29A7000650C3 /* hittable_list.cpp in Sources */ = {isa = PBXBuildFile; fileRef = E3503524242A29A7000650C3 /* hittable_list.cpp */; };
		E3EF27722429715A00CE5476 /* main.cpp in Sources */ = {isa = PBXBuildFile; fileRef = E3EF27712429715A00CE5476 /* main.cpp */; };
/* End PBXBuildFile section */

/* Begin PBXCopyFilesBuildPhase section */
		E3EF276C2429715A00CE5476 /* CopyFiles */ = {
			isa = PBXCopyFilesBuildPhase;
			buildActionMask = 2147483647;
			dstPath = /usr/share/man/man1/;
			dstSubfolderSpec = 0;
			files = (
			);
			runOnlyForDeploymentPostprocessing = 1;
		};
/* End PBXCopyFilesBuildPhase section */

/* Begin PBXFileReference section */
		E3403039242974C900BCA47E /* vec3.h */ = {isa = PBXFileReference; lastKnownFileType = sourcecode.c.h; path = vec3.h; sourceTree = "<group>"; };
		E350351E242A16E5000650C3 /* ray.h */ = {isa = PBXFileReference; lastKnownFileType = sourcecode.c.h; path = ray.h; sourceTree = "<group>"; };
		E350351F242A245A000650C3 /* hittable.h */ = {isa = PBXFileReference; lastKnownFileType = sourcecode.c.h; path = hittable.h; sourceTree = "<group>"; };
		E3503520242A24D4000650C3 /* sphere.h */ = {isa = PBXFileReference; lastKnownFileType = sourcecode.c.h; path = sphere.h; sourceTree = "<group>"; };
		E3503521242A2609000650C3 /* sphere.cpp */ = {isa = PBXFileReference; lastKnownFileType = sourcecode.cpp.cpp; path = sphere.cpp; sourceTree = "<group>"; };
		E3503524242A29A7000650C3 /* hittable_list.cpp */ = {isa = PBXFileReference; lastKnownFileType = sourcecode.cpp.cpp; path = hittable_list.cpp; sourceTree = "<group>"; };
		E3503525242A29A7000650C3 /* hittable_list.hpp */ = {isa = PBXFileReference; lastKnownFileType = sourcecode.cpp.h; path = hittable_list.hpp; sourceTree = "<group>"; };
		E3503527242A2B40000650C3 /* utils.h */ = {isa = PBXFileReference; lastKnownFileType = sourcecode.c.h; path = utils.h; sourceTree = "<group>"; };
		E3503528242A2DC0000650C3 /* camera.h */ = {isa = PBXFileReference; lastKnownFileType = sourcecode.c.h; path = camera.h; sourceTree = "<group>"; };
		E350352B242A59F9000650C3 /* material.h */ = {isa = PBXFileReference; lastKnownFileType = sourcecode.c.h; path = material.h; sourceTree = "<group>"; };
		E3EF276E2429715A00CE5476 /* raytracer */ = {isa = PBXFileReference; explicitFileType = "compiled.mach-o.executable"; includeInIndex = 0; path = raytracer; sourceTree = BUILT_PRODUCTS_DIR; };
		E3EF27712429715A00CE5476 /* main.cpp */ = {isa = PBXFileReference; lastKnownFileType = sourcecode.cpp.cpp; path = main.cpp; sourceTree = "<group>"; };
/* End PBXFileReference section */

/* Begin PBXFrameworksBuildPhase section */
		E3EF276B2429715A00CE5476 /* Frameworks */ = {
			isa = PBXFrameworksBuildPhase;
			buildActionMask = 2147483647;
			files = (
			);
			runOnlyForDeploymentPostprocessing = 0;
		};
/* End PBXFrameworksBuildPhase section */

/* Begin PBXGroup section */
		E3EF27652429715A00CE5476 = {
			isa = PBXGroup;
			children = (
				E3EF27702429715A00CE5476 /* raytracer */,
				E3EF276F2429715A00CE5476 /* Products */,
			);
			sourceTree = "<group>";
		};
		E3EF276F2429715A00CE5476 /* Products */ = {
			isa = PBXGroup;
			children = (
				E3EF276E2429715A00CE5476 /* raytracer */,
			);
			name = Products;
			sourceTree = "<group>";
		};
		E3EF27702429715A00CE5476 /* raytracer */ = {
			isa = PBXGroup;
			children = (
				E3EF27712429715A00CE5476 /* main.cpp */,
				E350352B242A59F9000650C3 /* material.h */,
				E350351F242A245A000650C3 /* hittable.h */,
				E3503520242A24D4000650C3 /* sphere.h */,
				E3403039242974C900BCA47E /* vec3.h */,
				E350351E242A16E5000650C3 /* ray.h */,
				E3503521242A2609000650C3 /* sphere.cpp */,
				E3503524242A29A7000650C3 /* hittable_list.cpp */,
				E3503527242A2B40000650C3 /* utils.h */,
				E3503528242A2DC0000650C3 /* camera.h */,
				E3503525242A29A7000650C3 /* hittable_list.hpp */,
			);
			path = raytracer;
			sourceTree = "<group>";
		};
/* End PBXGroup section */

/* Begin PBXNativeTarget section */
		E3EF276D2429715A00CE5476 /* raytracer */ = {
			isa = PBXNativeTarget;
			buildConfigurationList = E3EF27752429715A00CE5476 /* Build configuration list for PBXNativeTarget "raytracer" */;
			buildPhases = (
				E3EF276A2429715A00CE5476 /* Sources */,
				E3EF276B2429715A00CE5476 /* Frameworks */,
				E3EF276C2429715A00CE5476 /* CopyFiles */,
			);
			buildRules = (
			);
			dependencies = (
			);
			name = raytracer;
			productName = raytracer;
			productReference = E3EF276E2429715A00CE5476 /* raytracer */;
			productType = "com.apple.product-type.tool";
		};
/* End PBXNativeTarget section */

/* Begin PBXProject section */
		E3EF27662429715A00CE5476 /* Project object */ = {
			isa = PBXProject;
			attributes = {
				LastUpgradeCheck = 1020;
				ORGANIZATIONNAME = lymitshn;
				TargetAttributes = {
					E3EF276D2429715A00CE5476 = {
						CreatedOnToolsVersion = 10.2;
					};
				};
			};
			buildConfigurationList = E3EF27692429715A00CE5476 /* Build configuration list for PBXProject "raytracer" */;
			compatibilityVersion = "Xcode 9.3";
			developmentRegion = en;
			hasScannedForEncodings = 0;
			knownRegions = (
				en,
			);
			mainGroup = E3EF27652429715A00CE5476;
			productRefGroup = E3EF276F2429715A00CE5476 /* Products */;
			projectDirPath = "";
			projectRoot = "";
			targets = (
				E3EF276D2429715A00CE5476 /* raytracer */,
			);
		};
/* End PBXProject section */

/* Begin PBXSourcesBuildPhase section */
		E3EF276A2429715A00CE5476 /* Sources */ = {
			isa = PBXSourcesBuildPhase;
			buildActionMask = 2147483647;
			files = (
				E3503523242A2609000650C3 /* sphere.cpp in Sources */,
				E3EF27722429715A00CE5476 /* main.cpp in Sources */,
				E3503526242A29A7000650C3 /* hittable_list.cpp in Sources */,
			);
			runOnlyForDeploymentPostprocessing = 0;
		};
/* End PBXSourcesBuildPhase section */

/* Begin XCBuildConfiguration section */
		E3EF27732429715A00CE5476 /* Debug */ = {
			isa = XCBuildConfiguration;
			buildSettings = {
				ALWAYS_SEARCH_USER_PATHS = NO;
				CLANG_ANALYZER_NONNULL = YES;
				CLANG_ANALYZER_NUMBER_OBJECT_CONVERSION = YES_AGGRESSIVE;
				CLANG_CXX_LANGUAGE_STANDARD = "gnu++14";
				CLANG_CXX_LIBRARY = "libc++";
				CLANG_ENABLE_MODULES = YES;
				CLANG_ENABLE_OBJC_ARC = YES;
				CLANG_ENABLE_OBJC_WEAK = YES;
				CLANG_WARN_BLOCK_CAPTURE_AUTORELEASING = YES;
				CLANG_WARN_BOOL_CONVERSION = YES;
				CLANG_WARN_COMMA = YES;
				CLANG_WARN_CONSTANT_CONVERSION = YES;
				CLANG_WARN_DEPRECATED_OBJC_IMPLEMENTATIONS = YES;
				CLANG_WARN_DIRECT_OBJC_ISA_USAGE = YES_ERROR;
				CLANG_WARN_DOCUMENTATION_COMMENTS = YES;
				CLANG_WARN_EMPTY_BODY = YES;
				CLANG_WARN_ENUM_CONVERSION = YES;
				CLANG_WARN_INFINITE_RECURSION = YES;
				CLANG_WARN_INT_CONVERSION = YES;
				CLANG_WARN_NON_LITERAL_NULL_CONVERSION = YES;
				CLANG_WARN_OBJC_IMPLICIT_RETAIN_SELF = YES;
				CLANG_WARN_OBJC_LITERAL_CONVERSION = YES;
				CLANG_WARN_OBJC_ROOT_CLASS = YES_ERROR;
				CLANG_WARN_RANGE_LOOP_ANALYSIS = YES;
				CLANG_WARN_STRICT_PROTOTYPES = YES;
				CLANG_WARN_SUSPICIOUS_MOVE = YES;
				CLANG_WARN_UNGUARDED_AVAILABILITY = YES_AGGRESSIVE;
				CLANG_WARN_UNREACHABLE_CODE = YES;
				CLANG_WARN__DUPLICATE_METHOD_MATCH = YES;
				CODE_SIGN_IDENTITY = "Mac Developer";
				COPY_PHASE_STRIP = NO;
				DEBUG_INFORMATION_FORMAT = dwarf;
				ENABLE_STRICT_OBJC_MSGSEND = YES;
				ENABLE_TESTABILITY = YES;
				GCC_C_LANGUAGE_STANDARD = gnu11;
				GCC_DYNAMIC_NO_PIC = NO;
				GCC_NO_COMMON_BLOCKS = YES;
				GCC_OPTIMIZATION_LEVEL = 0;
				GCC_PREPROCESSOR_DEFINITIONS = (
					"DEBUG=1",
					"$(inherited)",
				);
				GCC_WARN_64_TO_32_BIT_CONVERSION = YES;
				GCC_WARN_ABOUT_RETURN_TYPE = YES_ERROR;
				GCC_WARN_UNDECLARED_SELECTOR = YES;
				GCC_WARN_UNINITIALIZED_AUTOS = YES_AGGRESSIVE;
				GCC_WARN_UNUSED_FUNCTION = YES;
				GCC_WARN_UNUSED_VARIABLE = YES;
				MACOSX_DEPLOYMENT_TARGET = 10.13;
				MTL_ENABLE_DEBUG_INFO = INCLUDE_SOURCE;
				MTL_FAST_MATH = YES;
				ONLY_ACTIVE_ARCH = YES;
				SDKROOT = macosx;
			};
			name = Debug;
		};
		E3EF27742429715A00CE5476 /* Release */ = {
			isa = XCBuildConfiguration;
			buildSettings = {
				ALWAYS_SEARCH_USER_PATHS = NO;
				CLANG_ANALYZER_NONNULL = YES;
				CLANG_ANALYZER_NUMBER_OBJECT_CONVERSION = YES_AGGRESSIVE;
				CLANG_CXX_LANGUAGE_STANDARD = "gnu++14";
				CLANG_CXX_LIBRARY = "libc++";
				CLANG_ENABLE_MODULES = YES;
				CLANG_ENABLE_OBJC_ARC = YES;
				CLANG_ENABLE_OBJC_WEAK = YES;
				CLANG_WARN_BLOCK_CAPTURE_AUTORELEASING = YES;
				CLANG_WARN_BOOL_CONVERSION = YES;
				CLANG_WARN_COMMA = YES;
				CLANG_WARN_CONSTANT_CONVERSION = YES;
				CLANG_WARN_DEPRECATED_OBJC_IMPLEMENTATIONS = YES;
				CLANG_WARN_DIRECT_OBJC_ISA_USAGE = YES_ERROR;
				CLANG_WARN_DOCUMENTATION_COMMENTS = YES;
				CLANG_WARN_EMPTY_BODY = YES;
				CLANG_WARN_ENUM_CONVERSION = YES;
				CLANG_WARN_INFINITE_RECURSION = YES;
				CLANG_WARN_INT_CONVERSION = YES;
				CLANG_WARN_NON_LITERAL_NULL_CONVERSION = YES;
				CLANG_WARN_OBJC_IMPLICIT_RETAIN_SELF = YES;
				CLANG_WARN_OBJC_LITERAL_CONVERSION = YES;
				CLANG_WARN_OBJC_ROOT_CLASS = YES_ERROR;
				CLANG_WARN_RANGE_LOOP_ANALYSIS = YES;
				CLANG_WARN_STRICT_PROTOTYPES = YES;
				CLANG_WARN_SUSPICIOUS_MOVE = YES;
				CLANG_WARN_UNGUARDED_AVAILABILITY = YES_AGGRESSIVE;
				CLANG_WARN_UNREACHABLE_CODE = YES;
				CLANG_WARN__DUPLICATE_METHOD_MATCH = YES;
				CODE_SIGN_IDENTITY = "Mac Developer";
				COPY_PHASE_STRIP = NO;
				DEBUG_INFORMATION_FORMAT = "dwarf-with-dsym";
				ENABLE_NS_ASSERTIONS = NO;
				ENABLE_STRICT_OBJC_MSGSEND = YES;
				GCC_C_LANGUAGE_STANDARD = gnu11;
				GCC_NO_COMMON_BLOCKS = YES;
				GCC_WARN_64_TO_32_BIT_CONVERSION = YES;
				GCC_WARN_ABOUT_RETURN_TYPE = YES_ERROR;
				GCC_WARN_UNDECLARED_SELECTOR = YES;
				GCC_WARN_UNINITIALIZED_AUTOS = YES_AGGRESSIVE;
				GCC_WARN_UNUSED_FUNCTION = YES;
				GCC_WARN_UNUSED_VARIABLE = YES;
				MACOSX_DEPLOYMENT_TARGET = 10.13;
				MTL_ENABLE_DEBUG_INFO = NO;
				MTL_FAST_MATH = YES;
				SDKROOT = macosx;
			};
			name = Release;
		};
		E3EF27762429715A00CE5476 /* Debug */ = {
			isa = XCBuildConfiguration;
			buildSettings = {
				CODE_SIGN_STYLE = Automatic;
				DEVELOPMENT_TEAM = 9A2SF32PF4;
				PRODUCT_NAME = "$(TARGET_NAME)";
			};
			name = Debug;
		};
		E3EF27772429715A00CE5476 /* Release */ = {
			isa = XCBuildConfiguration;
			buildSettings = {
				CODE_SIGN_STYLE = Automatic;
				DEVELOPMENT_TEAM = 9A2SF32PF4;
				PRODUCT_NAME = "$(TARGET_NAME)";
			};
			name = Release;
		};
/* End XCBuildConfiguration section */

/* Begin XCConfigurationList section */
		E3EF27692429715A00CE5476 /* Build configuration list for PBXProject "raytracer" */ = {
			isa = XCConfigurationList;
			buildConfigurations = (
				E3EF27732429715A00CE5476 /* Debug */,
				E3EF27742429715A00CE5476 /* Release */,
			);
			defaultConfigurationIsVisible = 0;
			defaultConfigurationName = Release;
		};
		E3EF27752429715A00CE5476 /* Build configuration list for PBXNativeTarget "raytracer" */ = {
			isa = XCConfigurationList;
			buildConfigurations = (
				E3EF27762429715A00CE5476 /* Debug */,
				E3EF27772429715A00CE5476 /* Release */,
			);
			defaultConfigurationIsVisible = 0;
			defaultConfigurationName = Release;
		};
/* End XCConfigurationList section */
	};
	rootObject = E3EF27662429715A00CE5476 /* Project object */;
}
